
Microsoft Visual Studio Solution File, Format Version 12.00
# Visual Studio 14
VisualStudioVersion = 14.0.25420.1
MinimumVisualStudioVersion = 10.0.40219.1
Project("{FAE04EC0-301F-11D3-BF4B-00C04F79EFBC}") = "MyFirstWinForm", "MyFirstWinForm\MyFirstWinForm.csproj", "{3D8AC9D8-2BEB-451B-9F17-F4E2EAEE84BB}"
EndProject
Project("{FAE04EC0-301F-11D3-BF4B-00C04F79EFBC}") = "SimpleCaculator1", "SimpleCaculator1\SimpleCaculator1.csproj", "{F94D375E-7DC6-45D8-9180-4BE19B51F32A}"
EndProject
Project("{FAE04EC0-301F-11D3-BF4B-00C04F79EFBC}") = "simplecaculator", "simplecaculator\simplecaculator.csproj", "{6A84AFEA-6977-4136-B216-D9AC48CB556C}"
EndProject
Global
	GlobalSection(SolutionConfigurationPlatforms) = preSolution
		Debug|Any CPU = Debug|Any CPU
		Release|Any CPU = Release|Any CPU
	EndGlobalSection
	GlobalSection(ProjectConfigurationPlatforms) = postSolution
		{3D8AC9D8-2BEB-451B-9F17-F4E2EAEE84BB}.Debug|Any CPU.ActiveCfg = Debug|Any CPU
		{3D8AC9D8-2BEB-451B-9F17-F4E2EAEE84BB}.Debug|Any CPU.Build.0 = Debug|Any CPU
		{3D8AC9D8-2BEB-451B-9F17-F4E2EAEE84BB}.Release|Any CPU.ActiveCfg = Release|Any CPU
		{3D8AC9D8-2BEB-451B-9F17-F4E2EAEE84BB}.Release|Any CPU.Build.0 = Release|Any CPU
		{F94D375E-7DC6-45D8-9180-4BE19B51F32A}.Debug|Any CPU.ActiveCfg = Debug|Any CPU
		{F94D375E-7DC6-45D8-9180-4BE19B51F32A}.Debug|Any CPU.Build.0 = Debug|Any CPU
		{F94D375E-7DC6-45D8-9180-4BE19B51F32A}.Release|Any CPU.ActiveCfg = Release|Any CPU
		{F94D375E-7DC6-45D8-9180-4BE19B51F32A}.Release|Any CPU.Build.0 = Release|Any CPU
		{6A84AFEA-6977-4136-B216-D9AC48CB556C}.Debug|Any CPU.ActiveCfg = Debug|Any CPU
		{6A84AFEA-6977-4136-B216-D9AC48CB556C}.Debug|Any CPU.Build.0 = Debug|Any CPU
		{6A84AFEA-6977-4136-B216-D9AC48CB556C}.Release|Any CPU.ActiveCfg = Release|Any CPU
		{6A84AFEA-6977-4136-B216-D9AC48CB556C}.Release|Any CPU.Build.0 = Release|Any CPU
	EndGlobalSection
	GlobalSection(SolutionProperties) = preSolution
		HideSolutionNode = FALSE
	EndGlobalSection
EndGlobal
